{
  "nodes": {
    "bionic-reading-nvim": {
      "flake": false,
      "locked": {
        "lastModified": 1770585849,
        "narHash": "sha256-nv2I0p4haLHcFHSTR+pFr01zSoXL2fkfWG89hJQJ1aE=",
        "owner": "FluxxField",
        "repo": "bionic-reading.nvim",
        "rev": "c129fca72ac91c66002a2321968af719dc7ac4ac",
        "type": "github"
      },
      "original": {
        "owner": "FluxxField",
        "repo": "bionic-reading.nvim",
        "type": "github"
      }
    },
    "blink-pairs": {
      "inputs": {
        "fenix": "fenix",
        "flake-parts": "flake-parts",
        "nixpkgs": "nixpkgs"
      },
      "locked": {
        "lastModified": 1761751614,
        "narHash": "sha256-IfnFSusQMm6LujE1AmihK9wEF2RSGfKYwpV2fedg0fc=",
        "owner": "Saghen",
        "repo": "blink.pairs",
        "rev": "5a34bf6ea72340a70083548e186d745ac4882899",
        "type": "github"
      },
      "original": {
        "owner": "Saghen",
        "ref": "v0.4.1",
        "repo": "blink.pairs",
        "type": "github"
      }
    },
    "camouflage-nvim": {
      "flake": false,
      "locked": {
        "lastModified": 1771065284,
        "narHash": "sha256-dCh0Zw9iD7TTI0GpWD13PYo9nWHG80jId6W5dP8wCBI=",
        "owner": "zeybek",
        "repo": "camouflage.nvim",
        "rev": "2a042cf586c5033514510f80e092f6a836ea756b",
        "type": "github"
      },
      "original": {
        "owner": "zeybek",
        "repo": "camouflage.nvim",
        "type": "github"
      }
    },
    "cmp-diag-codes": {
      "flake": false,
      "locked": {
        "lastModified": 1684773141,
        "narHash": "sha256-dqT0Z950n76vdisegSMv/ODBq5fYt1ITtaJdvdc0nCQ=",
        "owner": "JMarkin",
        "repo": "cmp-diag-codes",
        "rev": "9842c4dc17848d23a413a823c2ef362c91dc81fd",
        "type": "github"
      },
      "original": {
        "owner": "JMarkin",
        "repo": "cmp-diag-codes",
        "type": "github"
      }
    },
    "crane": {
      "locked": {
        "lastModified": 1769287525,
        "narHash": "sha256-gABuYA6BzoRMLuPaeO5p7SLrpd4qExgkwEmYaYQY4bM=",
        "owner": "ipetkov",
        "repo": "crane",
        "rev": "0314e365877a85c9e5758f9ea77a9972afbb4c21",
        "type": "github"
      },
      "original": {
        "owner": "ipetkov",
        "repo": "crane",
        "type": "github"
      }
    },
    "django-nvim": {
      "flake": false,
      "locked": {
        "lastModified": 1768280458,
        "narHash": "sha256-BbNPeHlY3GB4zcEq7kEg7wo5FCGYKJO0QjXHZGsED6E=",
        "owner": "mizisu",
        "repo": "django.nvim",
        "rev": "1ac88ed3a6d4f0bfe1051aa58a73b6d8bfa19504",
        "type": "github"
      },
      "original": {
        "owner": "mizisu",
        "repo": "django.nvim",
        "type": "github"
      }
    },
    "fenix": {
      "inputs": {
        "nixpkgs": [
          "blink-pairs",
          "nixpkgs"
        ],
        "rust-analyzer-src": "rust-analyzer-src"
      },
      "locked": {
        "lastModified": 1742452566,
        "narHash": "sha256-sVuLDQ2UIWfXUBbctzrZrXM2X05YjX08K7XHMztt36E=",
        "owner": "nix-community",
        "repo": "fenix",
        "rev": "7d9ba794daf5e8cc7ee728859bc688d8e26d5f06",
        "type": "github"
      },
      "original": {
        "owner": "nix-community",
        "repo": "fenix",
        "type": "github"
      }
    },
    "flake-compat": {
      "flake": false,
      "locked": {
        "lastModified": 1696426674,
        "narHash": "sha256-kvjfFW7WAETZlt09AgDn1MrtKzP7t90Vf7vypd3OL1U=",
        "owner": "edolstra",
        "repo": "flake-compat",
        "rev": "0f9255e01c2351cc7d116c072cb317785dd33b33",
        "type": "github"
      },
      "original": {
        "owner": "edolstra",
        "repo": "flake-compat",
        "type": "github"
      }
    },
    "flake-parts": {
      "inputs": {
        "nixpkgs-lib": "nixpkgs-lib"
      },
      "locked": {
        "lastModified": 1741352980,
        "narHash": "sha256-+u2UunDA4Cl5Fci3m7S643HzKmIDAe+fiXrLqYsR2fs=",
        "owner": "hercules-ci",
        "repo": "flake-parts",
        "rev": "f4330d22f1c5d2ba72d3d22df5597d123fdb60a9",
        "type": "github"
      },
      "original": {
        "owner": "hercules-ci",
        "repo": "flake-parts",
        "type": "github"
      }
    },
    "flake-parts_2": {
      "inputs": {
        "nixpkgs-lib": "nixpkgs-lib_2"
      },
      "locked": {
        "lastModified": 1769996383,
        "narHash": "sha256-AnYjnFWgS49RlqX7LrC4uA+sCCDBj0Ry/WOJ5XWAsa0=",
        "owner": "hercules-ci",
        "repo": "flake-parts",
        "rev": "57928607ea566b5db3ad13af0e57e921e6b12381",
        "type": "github"
      },
      "original": {
        "owner": "hercules-ci",
        "repo": "flake-parts",
        "type": "github"
      }
    },
    "flake-utils": {
      "inputs": {
        "systems": "systems"
      },
      "locked": {
        "lastModified": 1731533236,
        "narHash": "sha256-l0KFg5HjrsfsO/JpG+r7fRrqm12kzFHyUHqHCVpMMbI=",
        "owner": "numtide",
        "repo": "flake-utils",
        "rev": "11707dc2f618dd54ca8739b309ec4fc024de578b",
        "type": "github"
      },
      "original": {
        "owner": "numtide",
        "repo": "flake-utils",
        "type": "github"
      }
    },
    "gen-luarc": {
      "inputs": {
        "flake-parts": [
          "flake-parts"
        ],
        "git-hooks": "git-hooks",
        "luvit-meta": "luvit-meta",
        "nixpkgs": [
          "nixpkgs"
        ]
      },
      "locked": {
        "lastModified": 1755304025,
        "narHash": "sha256-xVKfjFwc0zMbLMjLTiHz+0llggkjs93SmHkhaa9S3M4=",
        "owner": "mrcjkb",
        "repo": "nix-gen-luarc-json",
        "rev": "1865b0ebb753ae5324d7381b1fa8c98c04ec7509",
        "type": "github"
      },
      "original": {
        "owner": "mrcjkb",
        "repo": "nix-gen-luarc-json",
        "type": "github"
      }
    },
    "gentags-lua": {
      "flake": false,
      "locked": {
        "lastModified": 1759176737,
        "narHash": "sha256-EUaTNJjTDbpF6AZXo05RpSbEoabDGFqedOfxpAsPYzY=",
        "owner": "JMarkin",
        "repo": "gentags.lua",
        "rev": "a995d9b78cbd377366f1fb700e668efe388b95c8",
        "type": "github"
      },
      "original": {
        "owner": "JMarkin",
        "ref": "feat/neovim-0.10",
        "repo": "gentags.lua",
        "type": "github"
      }
    },
    "git-hooks": {
      "inputs": {
        "flake-compat": "flake-compat",
        "gitignore": "gitignore",
        "nixpkgs": [
          "gen-luarc",
          "nixpkgs"
        ],
        "nixpkgs-stable": "nixpkgs-stable"
      },
      "locked": {
        "lastModified": 1723803910,
        "narHash": "sha256-yezvUuFiEnCFbGuwj/bQcqg7RykIEqudOy/RBrId0pc=",
        "owner": "cachix",
        "repo": "git-hooks.nix",
        "rev": "bfef0ada09e2c8ac55bbcd0831bd0c9d42e651ba",
        "type": "github"
      },
      "original": {
        "owner": "cachix",
        "repo": "git-hooks.nix",
        "type": "github"
      }
    },
    "gitignore": {
      "inputs": {
        "nixpkgs": [
          "gen-luarc",
          "git-hooks",
          "nixpkgs"
        ]
      },
      "locked": {
        "lastModified": 1709087332,
        "narHash": "sha256-HG2cCnktfHsKV0s4XW83gU3F57gaTljL9KNSuG6bnQs=",
        "owner": "hercules-ci",
        "repo": "gitignore.nix",
        "rev": "637db329424fd7e46cf4185293b9cc8c88c95394",
        "type": "github"
      },
      "original": {
        "owner": "hercules-ci",
        "repo": "gitignore.nix",
        "type": "github"
      }
    },
    "hlargs-nvim": {
      "flake": false,
      "locked": {
        "lastModified": 1758619418,
        "narHash": "sha256-WjmVefR0qk2ANWgyHSuYMTuCfzlVTF7tqzAL+uatKkc=",
        "owner": "m-demare",
        "repo": "hlargs.nvim",
        "rev": "0b29317c944fb1f76503ce4540d6dceffbb5ccd2",
        "type": "github"
      },
      "original": {
        "owner": "m-demare",
        "repo": "hlargs.nvim",
        "type": "github"
      }
    },
    "kubectl-nvim": {
      "inputs": {
        "crane": "crane",
        "flake-utils": "flake-utils",
        "nixpkgs": "nixpkgs_2",
        "rust-overlay": "rust-overlay"
      },
      "locked": {
        "lastModified": 1770656230,
        "narHash": "sha256-cPZ5s3x6m1ahDx8oENmng+CZqQz/jbtSk/PbHi9/Ptk=",
        "owner": "Ramilito",
        "repo": "kubectl.nvim",
        "rev": "3679b2ca19c143196e014dd6605229edd97e40c5",
        "type": "github"
      },
      "original": {
        "owner": "Ramilito",
        "ref": "v2.39.2",
        "repo": "kubectl.nvim",
        "type": "github"
      }
    },
    "kulala-fmt": {
      "inputs": {
        "flake-parts": [
          "flake-parts"
        ],
        "nixpkgs": [
          "nixpkgs"
        ]
      },
      "locked": {
        "lastModified": 1763981724,
        "narHash": "sha256-cjZaE0iz/Km9bJA58HP9MoZRUFEHs7af1vJttK6wUIY=",
        "owner": "mistweaverco",
        "repo": "kulala-fmt",
        "rev": "847015bf74d2c947576ef0b22020c9e9e14cade3",
        "type": "github"
      },
      "original": {
        "owner": "mistweaverco",
        "repo": "kulala-fmt",
        "type": "github"
      }
    },
    "kulala-nvim": {
      "flake": false,
      "locked": {
        "lastModified": 1770586837,
        "narHash": "sha256-e+6kEOW0lCFYgaju6DWeDHkX28wplR0H5O8T7nOWWjU=",
        "owner": "mistweaverco",
        "repo": "kulala.nvim",
        "rev": "6656c9d332735ca6a27725e0fb45a1715c4372d9",
        "type": "github"
      },
      "original": {
        "owner": "mistweaverco",
        "repo": "kulala.nvim",
        "type": "github"
      }
    },
    "local-highlight-nvim": {
      "flake": false,
      "locked": {
        "lastModified": 1768458878,
        "narHash": "sha256-9KYaHqgoLpBYqBLVjMAlpKNhHy4bKL5024AUT1YxENE=",
        "owner": "tzachar",
        "repo": "local-highlight.nvim",
        "rev": "bdf0e15df9164b507cb9e9ba781ba29f2dd3f4a6",
        "type": "github"
      },
      "original": {
        "owner": "tzachar",
        "repo": "local-highlight.nvim",
        "type": "github"
      }
    },
    "luvit-meta": {
      "flake": false,
      "locked": {
        "lastModified": 1705776742,
        "narHash": "sha256-zAAptV/oLuLAAsa2zSB/6fxlElk4+jNZd/cPr9oxFig=",
        "owner": "Bilal2453",
        "repo": "luvit-meta",
        "rev": "ce76f6f6cdc9201523a5875a4471dcfe0186eb60",
        "type": "github"
      },
      "original": {
        "owner": "Bilal2453",
        "repo": "luvit-meta",
        "type": "github"
      }
    },
    "namu-nvim": {
      "flake": false,
      "locked": {
        "lastModified": 1771343602,
        "narHash": "sha256-wwPTTAI0m0EcS2KrVG5ofsjo3AZ8VepYUFKlD+R6kKU=",
        "owner": "bassamsdata",
        "repo": "namu.nvim",
        "rev": "e7afbdf63a75ace6ccc6202d58a4f6f9ac09db92",
        "type": "github"
      },
      "original": {
        "owner": "bassamsdata",
        "repo": "namu.nvim",
        "type": "github"
      }
    },
    "neovim-nightly-overlay": {
      "inputs": {
        "flake-parts": [
          "flake-parts"
        ],
        "neovim-src": "neovim-src",
        "nixpkgs": [
          "nixpkgs"
        ]
      },
      "locked": {
        "lastModified": 1771545891,
        "narHash": "sha256-aaVUfc/9q2pCsELZmYhf+uvYRMCUlBvccgL1VS27R+o=",
        "owner": "nix-community",
        "repo": "neovim-nightly-overlay",
        "rev": "917b72d5e27bc217440655b81f701d7062bdd198",
        "type": "github"
      },
      "original": {
        "owner": "nix-community",
        "repo": "neovim-nightly-overlay",
        "type": "github"
      }
    },
    "neovim-src": {
      "flake": false,
      "locked": {
        "lastModified": 1771541613,
        "narHash": "sha256-1Rpt5B4pNW/MNkWoEamqwCa5I4/9G84dSqp4eHS5zsA=",
        "owner": "neovim",
        "repo": "neovim",
        "rev": "e3d46a63375c84b7bd409f1f07ef56eb985eae50",
        "type": "github"
      },
      "original": {
        "owner": "neovim",
        "repo": "neovim",
        "type": "github"
      }
    },
    "nixpkgs": {
      "locked": {
        "lastModified": 1741865919,
        "narHash": "sha256-4thdbnP6dlbdq+qZWTsm4ffAwoS8Tiq1YResB+RP6WE=",
        "owner": "nixos",
        "repo": "nixpkgs",
        "rev": "573c650e8a14b2faa0041645ab18aed7e60f0c9a",
        "type": "github"
      },
      "original": {
        "owner": "nixos",
        "ref": "nixpkgs-unstable",
        "repo": "nixpkgs",
        "type": "github"
      }
    },
    "nixpkgs-lib": {
      "locked": {
        "lastModified": 1740877520,
        "narHash": "sha256-oiwv/ZK/2FhGxrCkQkB83i7GnWXPPLzoqFHpDD3uYpk=",
        "owner": "nix-community",
        "repo": "nixpkgs.lib",
        "rev": "147dee35aab2193b174e4c0868bd80ead5ce755c",
        "type": "github"
      },
      "original": {
        "owner": "nix-community",
        "repo": "nixpkgs.lib",
        "type": "github"
      }
    },
    "nixpkgs-lib_2": {
      "locked": {
        "lastModified": 1769909678,
        "narHash": "sha256-cBEymOf4/o3FD5AZnzC3J9hLbiZ+QDT/KDuyHXVJOpM=",
        "owner": "nix-community",
        "repo": "nixpkgs.lib",
        "rev": "72716169fe93074c333e8d0173151350670b824c",
        "type": "github"
      },
      "original": {
        "owner": "nix-community",
        "repo": "nixpkgs.lib",
        "type": "github"
      }
    },
    "nixpkgs-stable": {
      "locked": {
        "lastModified": 1720386169,
        "narHash": "sha256-NGKVY4PjzwAa4upkGtAMz1npHGoRzWotlSnVlqI40mo=",
        "owner": "NixOS",
        "repo": "nixpkgs",
        "rev": "194846768975b7ad2c4988bdb82572c00222c0d7",
        "type": "github"
      },
      "original": {
        "owner": "NixOS",
        "ref": "nixos-24.05",
        "repo": "nixpkgs",
        "type": "github"
      }
    },
    "nixpkgs_2": {
      "locked": {
        "lastModified": 1769433173,
        "narHash": "sha256-Gf1dFYgD344WZ3q0LPlRoWaNdNQq8kSBDLEWulRQSEs=",
        "owner": "NixOS",
        "repo": "nixpkgs",
        "rev": "13b0f9e6ac78abbbb736c635d87845c4f4bee51b",
        "type": "github"
      },
      "original": {
        "owner": "NixOS",
        "ref": "nixpkgs-unstable",
        "repo": "nixpkgs",
        "type": "github"
      }
    },
    "nixpkgs_3": {
      "locked": {
        "lastModified": 1771207753,
        "narHash": "sha256-b9uG8yN50DRQ6A7JdZBfzq718ryYrlmGgqkRm9OOwCE=",
        "owner": "nixos",
        "repo": "nixpkgs",
        "rev": "d1c15b7d5806069da59e819999d70e1cec0760bf",
        "type": "github"
      },
      "original": {
        "owner": "nixos",
        "ref": "nixpkgs-unstable",
        "repo": "nixpkgs",
        "type": "github"
      }
    },
    "nvim-treesitter": {
      "flake": false,
      "locked": {
        "lastModified": 1771071528,
        "narHash": "sha256-hHvQaQg9BsFKc8jzXk6F5ns/O04VFXu27FMKjz13SDk=",
        "owner": "nvim-treesitter",
        "repo": "nvim-treesitter",
        "rev": "4d9466677a5ceadef104eaa0fe08d60d91c4e9a7",
        "type": "github"
      },
      "original": {
        "owner": "nvim-treesitter",
        "ref": "main",
        "repo": "nvim-treesitter",
        "type": "github"
      }
    },
    "nvim-treesitter-main": {
      "inputs": {
        "nixpkgs": [
          "nixpkgs"
        ],
        "nvim-treesitter": "nvim-treesitter",
        "nvim-treesitter-textobjects": "nvim-treesitter-textobjects"
      },
      "locked": {
        "lastModified": 1771211422,
        "narHash": "sha256-sJ6yvw61LJ6WP5vnDOag8EKPixxISeyjWAcWG5mCAK0=",
        "owner": "iofq",
        "repo": "nvim-treesitter-main",
        "rev": "8dc1173b63463250f45cb811b4496bdd4ef4eba2",
        "type": "github"
      },
      "original": {
        "owner": "iofq",
        "repo": "nvim-treesitter-main",
        "type": "github"
      }
    },
    "nvim-treesitter-textobjects": {
      "flake": false,
      "locked": {
        "lastModified": 1769600306,
        "narHash": "sha256-J3D+nbalJqZ4aeFBD7veW6TuI0BEU2jbx5pMEew4dkA=",
        "owner": "nvim-treesitter",
        "repo": "nvim-treesitter-textobjects",
        "rev": "a0e182ae21fda68c59d1f36c9ed45600aef50311",
        "type": "github"
      },
      "original": {
        "owner": "nvim-treesitter",
        "ref": "main",
        "repo": "nvim-treesitter-textobjects",
        "type": "github"
      }
    },
    "nvim-window": {
      "flake": false,
      "locked": {
        "lastModified": 1768918531,
        "narHash": "sha256-TUD+5yVFf0yjG/eGP7AAq0NX+XlGs0RGz5GRlkStoKg=",
        "owner": "yorickpeterse",
        "repo": "nvim-window",
        "rev": "48e44d492d2adaf9aac72a0f4ff21d6caae1b6a2",
        "type": "github"
      },
      "original": {
        "owner": "yorickpeterse",
        "repo": "nvim-window",
        "type": "github"
      }
    },
    "nvim-yati": {
      "flake": false,
      "locked": {
        "lastModified": 1718009720,
        "narHash": "sha256-hsSGj/bKY0FxZi1BlJxa/U2zvJzOwrFSz1W/MUtPunU=",
        "owner": "yioneko",
        "repo": "nvim-yati",
        "rev": "df3dc06076c6fe20a1dcd8643e712af5c252d042",
        "type": "github"
      },
      "original": {
        "owner": "yioneko",
        "repo": "nvim-yati",
        "type": "github"
      }
    },
    "oil-nvim": {
      "flake": false,
      "locked": {
        "lastModified": 1768626079,
        "narHash": "sha256-eMruZSMi72A74LqtSsyJSI3WY595aKO9n2XxJ3Du/9Y=",
        "owner": "stevearc",
        "repo": "oil.nvim",
        "rev": "f55b25e493a7df76371cfadd0ded5004cb9cd48a",
        "type": "github"
      },
      "original": {
        "owner": "stevearc",
        "repo": "oil.nvim",
        "type": "github"
      }
    },
    "opencode": {
      "inputs": {
        "nixpkgs": [
          "nixpkgs"
        ]
      },
      "locked": {
        "lastModified": 1771271829,
        "narHash": "sha256-43vPMyO7DsAgKrh0Wmt7jLDYCWUsaj30nBITreyYgX8=",
        "owner": "anomalyco",
        "repo": "opencode",
        "rev": "d8c25bfeb44771cc3a3ba17bf8de6ad2add9de2c",
        "type": "github"
      },
      "original": {
        "owner": "anomalyco",
        "ref": "v1.2.6",
        "repo": "opencode",
        "type": "github"
      }
    },
    "opencode-nvim": {
      "flake": false,
      "locked": {
        "lastModified": 1770928144,
        "narHash": "sha256-itFNpw30uDW/PD7PglQaEAkjBOYzpfKG5rcWqC19f08=",
        "owner": "sudo-tee",
        "repo": "opencode.nvim",
        "rev": "22ee4f0f76e7b7de60a57f9a524893e50f0edbc4",
        "type": "github"
      },
      "original": {
        "owner": "sudo-tee",
        "repo": "opencode.nvim",
        "rev": "22ee4f0f76e7b7de60a57f9a524893e50f0edbc4",
        "type": "github"
      }
    },
    "root": {
      "inputs": {
        "bionic-reading-nvim": "bionic-reading-nvim",
        "blink-pairs": "blink-pairs",
        "camouflage-nvim": "camouflage-nvim",
        "cmp-diag-codes": "cmp-diag-codes",
        "django-nvim": "django-nvim",
        "flake-parts": "flake-parts_2",
        "gen-luarc": "gen-luarc",
        "gentags-lua": "gentags-lua",
        "hlargs-nvim": "hlargs-nvim",
        "kubectl-nvim": "kubectl-nvim",
        "kulala-fmt": "kulala-fmt",
        "kulala-nvim": "kulala-nvim",
        "local-highlight-nvim": "local-highlight-nvim",
        "namu-nvim": "namu-nvim",
        "neovim-nightly-overlay": "neovim-nightly-overlay",
        "nixpkgs": "nixpkgs_3",
        "nvim-treesitter-main": "nvim-treesitter-main",
        "nvim-window": "nvim-window",
        "nvim-yati": "nvim-yati",
        "oil-nvim": "oil-nvim",
        "opencode": "opencode",
        "opencode-nvim": "opencode-nvim",
        "smart-splits-nvim": "smart-splits-nvim",
        "whatthejump-nvim": "whatthejump-nvim",
        "wiremux-nvim": "wiremux-nvim",
        "yaml-nvim": "yaml-nvim"
      }
    },
    "rust-analyzer-src": {
      "flake": false,
      "locked": {
        "lastModified": 1742296961,
        "narHash": "sha256-gCpvEQOrugHWLimD1wTFOJHagnSEP6VYBDspq96Idu0=",
        "owner": "rust-lang",
        "repo": "rust-analyzer",
        "rev": "15d87419f1a123d8f888d608129c3ce3ff8f13d4",
        "type": "github"
      },
      "original": {
        "owner": "rust-lang",
        "ref": "nightly",
        "repo": "rust-analyzer",
        "type": "github"
      }
    },
    "rust-overlay": {
      "inputs": {
        "nixpkgs": [
          "kubectl-nvim",
          "nixpkgs"
        ]
      },
      "locked": {
        "lastModified": 1769568593,
        "narHash": "sha256-vf3cZf8imUlPzFtICa1uyReDzoPV0XhHOIRM3tqI5VY=",
        "owner": "oxalica",
        "repo": "rust-overlay",
        "rev": "6fe5039018d05cee5d01dda7df1c0846fb7943a4",
        "type": "github"
      },
      "original": {
        "owner": "oxalica",
        "repo": "rust-overlay",
        "type": "github"
      }
    },
    "smart-splits-nvim": {
      "flake": false,
      "locked": {
        "lastModified": 1771609007,
        "narHash": "sha256-jKTdzvYDO/Xg6s1gLcelDwUr6IpaE0VfORZAnY6z0zg=",
        "owner": "mrjones2014",
        "repo": "smart-splits.nvim",
        "rev": "23f1e57d5af462c69e988642c020430449a7b1b0",
        "type": "github"
      },
      "original": {
        "owner": "mrjones2014",
        "repo": "smart-splits.nvim",
        "type": "github"
      }
    },
    "systems": {
      "locked": {
        "lastModified": 1681028828,
        "narHash": "sha256-Vy1rq5AaRuLzOxct8nz4T6wlgyUR7zLU309k9mBC768=",
        "owner": "nix-systems",
        "repo": "default",
        "rev": "da67096a3b9bf56a91d16901293e51ba5b49a27e",
        "type": "github"
      },
      "original": {
        "owner": "nix-systems",
        "repo": "default",
        "type": "github"
      }
    },
    "whatthejump-nvim": {
      "flake": false,
      "locked": {
        "lastModified": 1763481259,
        "narHash": "sha256-PlYZFTwsImoM4xL850yWOW1z6SeYfi4kjzjv7anpMfU=",
        "owner": "lewis6991",
        "repo": "whatthejump.nvim",
        "rev": "52291c2ec6c806790781e269344bb640f161d471",
        "type": "github"
      },
      "original": {
        "owner": "lewis6991",
        "repo": "whatthejump.nvim",
        "type": "github"
      }
    },
    "wiremux-nvim": {
      "flake": false,
      "locked": {
        "lastModified": 1771415842,
        "narHash": "sha256-fESXxv+BVGti5roLcK1WIyqao+guQmzdL4T1CuIKRQs=",
        "owner": "MSmaili",
        "repo": "wiremux.nvim",
        "rev": "dfc3d9482f5edc0df505f3ca10ed59d4dd030bfe",
        "type": "github"
      },
      "original": {
        "owner": "MSmaili",
        "repo": "wiremux.nvim",
        "type": "github"
      }
    },
    "yaml-nvim": {
      "flake": false,
      "locked": {
        "lastModified": 1767561112,
        "narHash": "sha256-2fDNV0usUsGN45igalfVpZ1AXzerwUAOWcXU2/OIgbQ=",
        "owner": "cuducos",
        "repo": "yaml.nvim",
        "rev": "43ddedd0f3b060b4475e19e762b1796fce1b23be",
        "type": "github"
      },
      "original": {
        "owner": "cuducos",
        "repo": "yaml.nvim",
        "type": "github"
      }
    }
  },
  "root": "root",
  "version": 7
}
