{
  "nodes": {
    "bionic-reading-nvim": {
      "flake": false,
      "locked": {
        "lastModified": 1770585849,
        "narHash": "sha256-nv2I0p4haLHcFHSTR+pFr01zSoXL2fkfWG89hJQJ1aE=",
        "owner": "FluxxField",
        "repo": "bionic-reading.nvim",
        "rev": "c129fca72ac91c66002a2321968af719dc7ac4ac",
        "type": "github"
      },
      "original": {
        "owner": "FluxxField",
        "repo": "bionic-reading.nvim",
        "type": "github"
      }
    },
    "camouflage-nvim": {
      "flake": false,
      "locked": {
        "lastModified": 1771065284,
        "narHash": "sha256-dCh0Zw9iD7TTI0GpWD13PYo9nWHG80jId6W5dP8wCBI=",
        "owner": "zeybek",
        "repo": "camouflage.nvim",
        "rev": "2a042cf586c5033514510f80e092f6a836ea756b",
        "type": "github"
      },
      "original": {
        "owner": "zeybek",
        "repo": "camouflage.nvim",
        "type": "github"
      }
    },
    "cmp-diag-codes": {
      "flake": false,
      "locked": {
        "lastModified": 1684773141,
        "narHash": "sha256-dqT0Z950n76vdisegSMv/ODBq5fYt1ITtaJdvdc0nCQ=",
        "owner": "JMarkin",
        "repo": "cmp-diag-codes",
        "rev": "9842c4dc17848d23a413a823c2ef362c91dc81fd",
        "type": "github"
      },
      "original": {
        "owner": "JMarkin",
        "repo": "cmp-diag-codes",
        "type": "github"
      }
    },
    "crane": {
      "locked": {
        "lastModified": 1769287525,
        "narHash": "sha256-gABuYA6BzoRMLuPaeO5p7SLrpd4qExgkwEmYaYQY4bM=",
        "owner": "ipetkov",
        "repo": "crane",
        "rev": "0314e365877a85c9e5758f9ea77a9972afbb4c21",
        "type": "github"
      },
      "original": {
        "owner": "ipetkov",
        "repo": "crane",
        "type": "github"
      }
    },
    "django-nvim": {
      "flake": false,
      "locked": {
        "lastModified": 1774515610,
        "narHash": "sha256-Znqs3AH0qqcyUbediBQ0Veosv7AFr8GlD7wbmztcMTI=",
        "owner": "mizisu",
        "repo": "django.nvim",
        "rev": "8bbde37bea226e54a49f92a27b20ff2ef71ea78b",
        "type": "github"
      },
      "original": {
        "owner": "mizisu",
        "repo": "django.nvim",
        "type": "github"
      }
    },
    "flake-compat": {
      "flake": false,
      "locked": {
        "lastModified": 1696426674,
        "narHash": "sha256-kvjfFW7WAETZlt09AgDn1MrtKzP7t90Vf7vypd3OL1U=",
        "owner": "edolstra",
        "repo": "flake-compat",
        "rev": "0f9255e01c2351cc7d116c072cb317785dd33b33",
        "type": "github"
      },
      "original": {
        "owner": "edolstra",
        "repo": "flake-compat",
        "type": "github"
      }
    },
    "flake-parts": {
      "inputs": {
        "nixpkgs-lib": "nixpkgs-lib"
      },
      "locked": {
        "lastModified": 1772408722,
        "narHash": "sha256-rHuJtdcOjK7rAHpHphUb1iCvgkU3GpfvicLMwwnfMT0=",
        "owner": "hercules-ci",
        "repo": "flake-parts",
        "rev": "f20dc5d9b8027381c474144ecabc9034d6a839a3",
        "type": "github"
      },
      "original": {
        "owner": "hercules-ci",
        "repo": "flake-parts",
        "type": "github"
      }
    },
    "flake-utils": {
      "inputs": {
        "systems": "systems"
      },
      "locked": {
        "lastModified": 1731533236,
        "narHash": "sha256-l0KFg5HjrsfsO/JpG+r7fRrqm12kzFHyUHqHCVpMMbI=",
        "owner": "numtide",
        "repo": "flake-utils",
        "rev": "11707dc2f618dd54ca8739b309ec4fc024de578b",
        "type": "github"
      },
      "original": {
        "owner": "numtide",
        "repo": "flake-utils",
        "type": "github"
      }
    },
    "gen-luarc": {
      "inputs": {
        "flake-parts": [
          "flake-parts"
        ],
        "git-hooks": "git-hooks",
        "luvit-meta": "luvit-meta",
        "nixpkgs": [
          "nixpkgs"
        ]
      },
      "locked": {
        "lastModified": 1755304025,
        "narHash": "sha256-xVKfjFwc0zMbLMjLTiHz+0llggkjs93SmHkhaa9S3M4=",
        "owner": "mrcjkb",
        "repo": "nix-gen-luarc-json",
        "rev": "1865b0ebb753ae5324d7381b1fa8c98c04ec7509",
        "type": "github"
      },
      "original": {
        "owner": "mrcjkb",
        "repo": "nix-gen-luarc-json",
        "type": "github"
      }
    },
    "gentags-lua": {
      "flake": false,
      "locked": {
        "lastModified": 1759176737,
        "narHash": "sha256-EUaTNJjTDbpF6AZXo05RpSbEoabDGFqedOfxpAsPYzY=",
        "owner": "JMarkin",
        "repo": "gentags.lua",
        "rev": "a995d9b78cbd377366f1fb700e668efe388b95c8",
        "type": "github"
      },
      "original": {
        "owner": "JMarkin",
        "ref": "feat/neovim-0.10",
        "repo": "gentags.lua",
        "type": "github"
      }
    },
    "git-hooks": {
      "inputs": {
        "flake-compat": "flake-compat",
        "gitignore": "gitignore",
        "nixpkgs": [
          "gen-luarc",
          "nixpkgs"
        ],
        "nixpkgs-stable": "nixpkgs-stable"
      },
      "locked": {
        "lastModified": 1723803910,
        "narHash": "sha256-yezvUuFiEnCFbGuwj/bQcqg7RykIEqudOy/RBrId0pc=",
        "owner": "cachix",
        "repo": "git-hooks.nix",
        "rev": "bfef0ada09e2c8ac55bbcd0831bd0c9d42e651ba",
        "type": "github"
      },
      "original": {
        "owner": "cachix",
        "repo": "git-hooks.nix",
        "type": "github"
      }
    },
    "gitignore": {
      "inputs": {
        "nixpkgs": [
          "gen-luarc",
          "git-hooks",
          "nixpkgs"
        ]
      },
      "locked": {
        "lastModified": 1709087332,
        "narHash": "sha256-HG2cCnktfHsKV0s4XW83gU3F57gaTljL9KNSuG6bnQs=",
        "owner": "hercules-ci",
        "repo": "gitignore.nix",
        "rev": "637db329424fd7e46cf4185293b9cc8c88c95394",
        "type": "github"
      },
      "original": {
        "owner": "hercules-ci",
        "repo": "gitignore.nix",
        "type": "github"
      }
    },
    "hlargs-nvim": {
      "flake": false,
      "locked": {
        "lastModified": 1758619418,
        "narHash": "sha256-WjmVefR0qk2ANWgyHSuYMTuCfzlVTF7tqzAL+uatKkc=",
        "owner": "m-demare",
        "repo": "hlargs.nvim",
        "rev": "0b29317c944fb1f76503ce4540d6dceffbb5ccd2",
        "type": "github"
      },
      "original": {
        "owner": "m-demare",
        "repo": "hlargs.nvim",
        "type": "github"
      }
    },
    "juan-logs-nvim": {
      "flake": false,
      "locked": {
        "lastModified": 1773336973,
        "narHash": "sha256-4K0PyaDhYhl06pwsRksqObk4SqF5H8pAHyUkLPDQ/jk=",
        "owner": "minigian",
        "repo": "juan-logs.nvim",
        "rev": "615dddd3ebb2e6176fe0cd305fe3810860182323",
        "type": "github"
      },
      "original": {
        "owner": "minigian",
        "ref": "v0.1.3",
        "repo": "juan-logs.nvim",
        "type": "github"
      }
    },
    "kubectl-nvim": {
      "inputs": {
        "crane": "crane",
        "flake-utils": "flake-utils",
        "nixpkgs": "nixpkgs",
        "rust-overlay": "rust-overlay"
      },
      "locked": {
        "lastModified": 1771260910,
        "narHash": "sha256-Cj5n77FMg2GxEEGbwAqYW5V7SDBa0bfq2+xy1cNYEuQ=",
        "owner": "Ramilito",
        "repo": "kubectl.nvim",
        "rev": "c57228e1696a5bd77bde3dc6a0512ff6546c79e5",
        "type": "github"
      },
      "original": {
        "owner": "Ramilito",
        "ref": "v2.40.2",
        "repo": "kubectl.nvim",
        "type": "github"
      }
    },
    "kulala-fmt": {
      "inputs": {
        "flake-parts": [
          "flake-parts"
        ],
        "nixpkgs": [
          "nixpkgs"
        ]
      },
      "locked": {
        "lastModified": 1763981724,
        "narHash": "sha256-cjZaE0iz/Km9bJA58HP9MoZRUFEHs7af1vJttK6wUIY=",
        "owner": "mistweaverco",
        "repo": "kulala-fmt",
        "rev": "847015bf74d2c947576ef0b22020c9e9e14cade3",
        "type": "github"
      },
      "original": {
        "owner": "mistweaverco",
        "repo": "kulala-fmt",
        "type": "github"
      }
    },
    "kulala-nvim": {
      "flake": false,
      "locked": {
        "lastModified": 1770586837,
        "narHash": "sha256-e+6kEOW0lCFYgaju6DWeDHkX28wplR0H5O8T7nOWWjU=",
        "owner": "mistweaverco",
        "repo": "kulala.nvim",
        "rev": "6656c9d332735ca6a27725e0fb45a1715c4372d9",
        "type": "github"
      },
      "original": {
        "owner": "mistweaverco",
        "repo": "kulala.nvim",
        "type": "github"
      }
    },
    "local-highlight-nvim": {
      "flake": false,
      "locked": {
        "lastModified": 1768458878,
        "narHash": "sha256-9KYaHqgoLpBYqBLVjMAlpKNhHy4bKL5024AUT1YxENE=",
        "owner": "tzachar",
        "repo": "local-highlight.nvim",
        "rev": "bdf0e15df9164b507cb9e9ba781ba29f2dd3f4a6",
        "type": "github"
      },
      "original": {
        "owner": "tzachar",
        "repo": "local-highlight.nvim",
        "type": "github"
      }
    },
    "luvit-meta": {
      "flake": false,
      "locked": {
        "lastModified": 1705776742,
        "narHash": "sha256-zAAptV/oLuLAAsa2zSB/6fxlElk4+jNZd/cPr9oxFig=",
        "owner": "Bilal2453",
        "repo": "luvit-meta",
        "rev": "ce76f6f6cdc9201523a5875a4471dcfe0186eb60",
        "type": "github"
      },
      "original": {
        "owner": "Bilal2453",
        "repo": "luvit-meta",
        "type": "github"
      }
    },
    "namu-nvim": {
      "flake": false,
      "locked": {
        "lastModified": 1771343602,
        "narHash": "sha256-wwPTTAI0m0EcS2KrVG5ofsjo3AZ8VepYUFKlD+R6kKU=",
        "owner": "bassamsdata",
        "repo": "namu.nvim",
        "rev": "e7afbdf63a75ace6ccc6202d58a4f6f9ac09db92",
        "type": "github"
      },
      "original": {
        "owner": "bassamsdata",
        "repo": "namu.nvim",
        "type": "github"
      }
    },
    "neovim-nightly-overlay": {
      "inputs": {
        "flake-parts": [
          "flake-parts"
        ],
        "neovim-src": "neovim-src",
        "nixpkgs": [
          "nixpkgs"
        ]
      },
      "locked": {
        "lastModified": 1774829101,
        "narHash": "sha256-iOJHT8hP9IurF6gnvyEL6NVeMmDKvlCxwuKtPhXAt00=",
        "owner": "nix-community",
        "repo": "neovim-nightly-overlay",
        "rev": "a49f9d17bcaa684b81fc4322fbcbfc3ba501d40e",
        "type": "github"
      },
      "original": {
        "owner": "nix-community",
        "repo": "neovim-nightly-overlay",
        "type": "github"
      }
    },
    "neovim-src": {
      "flake": false,
      "locked": {
        "lastModified": 1774827424,
        "narHash": "sha256-Jd05KifFViRnFmSc8Wi58VQXDfaKvwmly1e9olXlefw=",
        "owner": "neovim",
        "repo": "neovim",
        "rev": "ed822a085db0b6f4c682707be2c35a7acdca57b2",
        "type": "github"
      },
      "original": {
        "owner": "neovim",
        "repo": "neovim",
        "type": "github"
      }
    },
    "nixpkgs": {
      "locked": {
        "lastModified": 1769433173,
        "narHash": "sha256-Gf1dFYgD344WZ3q0LPlRoWaNdNQq8kSBDLEWulRQSEs=",
        "owner": "NixOS",
        "repo": "nixpkgs",
        "rev": "13b0f9e6ac78abbbb736c635d87845c4f4bee51b",
        "type": "github"
      },
      "original": {
        "owner": "NixOS",
        "ref": "nixpkgs-unstable",
        "repo": "nixpkgs",
        "type": "github"
      }
    },
    "nixpkgs-lib": {
      "locked": {
        "lastModified": 1772328832,
        "narHash": "sha256-e+/T/pmEkLP6BHhYjx6GmwP5ivonQQn0bJdH9YrRB+Q=",
        "owner": "nix-community",
        "repo": "nixpkgs.lib",
        "rev": "c185c7a5e5dd8f9add5b2f8ebeff00888b070742",
        "type": "github"
      },
      "original": {
        "owner": "nix-community",
        "repo": "nixpkgs.lib",
        "type": "github"
      }
    },
    "nixpkgs-stable": {
      "locked": {
        "lastModified": 1720386169,
        "narHash": "sha256-NGKVY4PjzwAa4upkGtAMz1npHGoRzWotlSnVlqI40mo=",
        "owner": "NixOS",
        "repo": "nixpkgs",
        "rev": "194846768975b7ad2c4988bdb82572c00222c0d7",
        "type": "github"
      },
      "original": {
        "owner": "NixOS",
        "ref": "nixos-24.05",
        "repo": "nixpkgs",
        "type": "github"
      }
    },
    "nixpkgs_2": {
      "locked": {
        "lastModified": 1774701658,
        "narHash": "sha256-CIS/4AMUSwUyC8X5g+5JsMRvIUL3YUfewe8K4VrbsSQ=",
        "owner": "nixos",
        "repo": "nixpkgs",
        "rev": "b63fe7f000adcfa269967eeff72c64cafecbbebe",
        "type": "github"
      },
      "original": {
        "owner": "nixos",
        "ref": "nixpkgs-unstable",
        "repo": "nixpkgs",
        "type": "github"
      }
    },
    "nvim-window": {
      "flake": false,
      "locked": {
        "lastModified": 1768918531,
        "narHash": "sha256-TUD+5yVFf0yjG/eGP7AAq0NX+XlGs0RGz5GRlkStoKg=",
        "owner": "yorickpeterse",
        "repo": "nvim-window",
        "rev": "48e44d492d2adaf9aac72a0f4ff21d6caae1b6a2",
        "type": "github"
      },
      "original": {
        "owner": "yorickpeterse",
        "repo": "nvim-window",
        "type": "github"
      }
    },
    "nvim-yati": {
      "flake": false,
      "locked": {
        "lastModified": 1718009720,
        "narHash": "sha256-hsSGj/bKY0FxZi1BlJxa/U2zvJzOwrFSz1W/MUtPunU=",
        "owner": "yioneko",
        "repo": "nvim-yati",
        "rev": "df3dc06076c6fe20a1dcd8643e712af5c252d042",
        "type": "github"
      },
      "original": {
        "owner": "yioneko",
        "repo": "nvim-yati",
        "type": "github"
      }
    },
    "oil-nvim": {
      "flake": false,
      "locked": {
        "lastModified": 1771914681,
        "narHash": "sha256-hoTQoNEsCbZ0aZMUUUvgkC9NYjovjUUirw2FN9b9dn0=",
        "owner": "stevearc",
        "repo": "oil.nvim",
        "rev": "0fcc83805ad11cf714a949c98c605ed717e0b83e",
        "type": "github"
      },
      "original": {
        "owner": "stevearc",
        "repo": "oil.nvim",
        "type": "github"
      }
    },
    "root": {
      "inputs": {
        "bionic-reading-nvim": "bionic-reading-nvim",
        "camouflage-nvim": "camouflage-nvim",
        "cmp-diag-codes": "cmp-diag-codes",
        "django-nvim": "django-nvim",
        "flake-parts": "flake-parts",
        "gen-luarc": "gen-luarc",
        "gentags-lua": "gentags-lua",
        "hlargs-nvim": "hlargs-nvim",
        "juan-logs-nvim": "juan-logs-nvim",
        "kubectl-nvim": "kubectl-nvim",
        "kulala-fmt": "kulala-fmt",
        "kulala-nvim": "kulala-nvim",
        "local-highlight-nvim": "local-highlight-nvim",
        "namu-nvim": "namu-nvim",
        "neovim-nightly-overlay": "neovim-nightly-overlay",
        "nixpkgs": "nixpkgs_2",
        "nvim-window": "nvim-window",
        "nvim-yati": "nvim-yati",
        "oil-nvim": "oil-nvim",
        "smart-splits-nvim": "smart-splits-nvim",
        "whatthejump-nvim": "whatthejump-nvim",
        "wiremux-nvim": "wiremux-nvim",
        "yaml-nvim": "yaml-nvim"
      }
    },
    "rust-overlay": {
      "inputs": {
        "nixpkgs": [
          "kubectl-nvim",
          "nixpkgs"
        ]
      },
      "locked": {
        "lastModified": 1769568593,
        "narHash": "sha256-vf3cZf8imUlPzFtICa1uyReDzoPV0XhHOIRM3tqI5VY=",
        "owner": "oxalica",
        "repo": "rust-overlay",
        "rev": "6fe5039018d05cee5d01dda7df1c0846fb7943a4",
        "type": "github"
      },
      "original": {
        "owner": "oxalica",
        "repo": "rust-overlay",
        "type": "github"
      }
    },
    "smart-splits-nvim": {
      "flake": false,
      "locked": {
        "lastModified": 1774629084,
        "narHash": "sha256-IIDUedURO9QI26v7vuKFJR/5w198lMDuCF1ChjPVWzY=",
        "owner": "mrjones2014",
        "repo": "smart-splits.nvim",
        "rev": "12426763591f06b865c20990d8423345ea96d44f",
        "type": "github"
      },
      "original": {
        "owner": "mrjones2014",
        "repo": "smart-splits.nvim",
        "type": "github"
      }
    },
    "systems": {
      "locked": {
        "lastModified": 1681028828,
        "narHash": "sha256-Vy1rq5AaRuLzOxct8nz4T6wlgyUR7zLU309k9mBC768=",
        "owner": "nix-systems",
        "repo": "default",
        "rev": "da67096a3b9bf56a91d16901293e51ba5b49a27e",
        "type": "github"
      },
      "original": {
        "owner": "nix-systems",
        "repo": "default",
        "type": "github"
      }
    },
    "whatthejump-nvim": {
      "flake": false,
      "locked": {
        "lastModified": 1763481259,
        "narHash": "sha256-PlYZFTwsImoM4xL850yWOW1z6SeYfi4kjzjv7anpMfU=",
        "owner": "lewis6991",
        "repo": "whatthejump.nvim",
        "rev": "52291c2ec6c806790781e269344bb640f161d471",
        "type": "github"
      },
      "original": {
        "owner": "lewis6991",
        "repo": "whatthejump.nvim",
        "type": "github"
      }
    },
    "wiremux-nvim": {
      "flake": false,
      "locked": {
        "lastModified": 1773304171,
        "narHash": "sha256-Sut+pfb3NKFMrT3lKMPKyVs1VacxXJntEnf1V5hTlII=",
        "owner": "MSmaili",
        "repo": "wiremux.nvim",
        "rev": "627ab6c666e52bca1f6dc615fb9cbf60a55319b9",
        "type": "github"
      },
      "original": {
        "owner": "MSmaili",
        "repo": "wiremux.nvim",
        "type": "github"
      }
    },
    "yaml-nvim": {
      "flake": false,
      "locked": {
        "lastModified": 1767561112,
        "narHash": "sha256-2fDNV0usUsGN45igalfVpZ1AXzerwUAOWcXU2/OIgbQ=",
        "owner": "cuducos",
        "repo": "yaml.nvim",
        "rev": "43ddedd0f3b060b4475e19e762b1796fce1b23be",
        "type": "github"
      },
      "original": {
        "owner": "cuducos",
        "repo": "yaml.nvim",
        "type": "github"
      }
    }
  },
  "root": "root",
  "version": 7
}
