{
  "nodes": {
    "blink-pairs": {
      "inputs": {
        "fenix": "fenix",
        "flake-parts": "flake-parts",
        "nixpkgs": "nixpkgs"
      },
      "locked": {
        "lastModified": 1757108414,
        "narHash": "sha256-0S8/MQLpnYmwEIqWCU6TBr/NibagfaWkqMOTv7He2Zg=",
        "owner": "Saghen",
        "repo": "blink.pairs",
        "rev": "c2d4030c10e6628de159cbac79a32a70ad746290",
        "type": "github"
      },
      "original": {
        "owner": "Saghen",
        "repo": "blink.pairs",
        "type": "github"
      }
    },
    "cmp-diag-codes": {
      "flake": false,
      "locked": {
        "lastModified": 1684773141,
        "narHash": "sha256-dqT0Z950n76vdisegSMv/ODBq5fYt1ITtaJdvdc0nCQ=",
        "owner": "JMarkin",
        "repo": "cmp-diag-codes",
        "rev": "9842c4dc17848d23a413a823c2ef362c91dc81fd",
        "type": "github"
      },
      "original": {
        "owner": "JMarkin",
        "repo": "cmp-diag-codes",
        "type": "github"
      }
    },
    "diaglist-nvim": {
      "flake": false,
      "locked": {
        "lastModified": 1696529653,
        "narHash": "sha256-/4eb11/8O89YeHf0TSzQpQyCbS0oPyG/QqtVOrFPaOo=",
        "owner": "JMarkin",
        "repo": "diaglist.nvim",
        "rev": "73ace32941fa5db5427f7ef936598072f89ce34a",
        "type": "github"
      },
      "original": {
        "owner": "JMarkin",
        "repo": "diaglist.nvim",
        "type": "github"
      }
    },
    "fenix": {
      "inputs": {
        "nixpkgs": [
          "blink-pairs",
          "nixpkgs"
        ],
        "rust-analyzer-src": "rust-analyzer-src"
      },
      "locked": {
        "lastModified": 1742452566,
        "narHash": "sha256-sVuLDQ2UIWfXUBbctzrZrXM2X05YjX08K7XHMztt36E=",
        "owner": "nix-community",
        "repo": "fenix",
        "rev": "7d9ba794daf5e8cc7ee728859bc688d8e26d5f06",
        "type": "github"
      },
      "original": {
        "owner": "nix-community",
        "repo": "fenix",
        "type": "github"
      }
    },
    "flake-compat": {
      "flake": false,
      "locked": {
        "lastModified": 1696426674,
        "narHash": "sha256-kvjfFW7WAETZlt09AgDn1MrtKzP7t90Vf7vypd3OL1U=",
        "owner": "edolstra",
        "repo": "flake-compat",
        "rev": "0f9255e01c2351cc7d116c072cb317785dd33b33",
        "type": "github"
      },
      "original": {
        "owner": "edolstra",
        "repo": "flake-compat",
        "type": "github"
      }
    },
    "flake-parts": {
      "inputs": {
        "nixpkgs-lib": "nixpkgs-lib"
      },
      "locked": {
        "lastModified": 1741352980,
        "narHash": "sha256-+u2UunDA4Cl5Fci3m7S643HzKmIDAe+fiXrLqYsR2fs=",
        "owner": "hercules-ci",
        "repo": "flake-parts",
        "rev": "f4330d22f1c5d2ba72d3d22df5597d123fdb60a9",
        "type": "github"
      },
      "original": {
        "owner": "hercules-ci",
        "repo": "flake-parts",
        "type": "github"
      }
    },
    "flake-parts_2": {
      "inputs": {
        "nixpkgs-lib": "nixpkgs-lib_2"
      },
      "locked": {
        "lastModified": 1717285511,
        "narHash": "sha256-iKzJcpdXih14qYVcZ9QC9XuZYnPc6T8YImb6dX166kw=",
        "owner": "hercules-ci",
        "repo": "flake-parts",
        "rev": "2a55567fcf15b1b1c7ed712a2c6fadaec7412ea8",
        "type": "github"
      },
      "original": {
        "owner": "hercules-ci",
        "repo": "flake-parts",
        "type": "github"
      }
    },
    "flake-utils": {
      "inputs": {
        "systems": "systems"
      },
      "locked": {
        "lastModified": 1731533236,
        "narHash": "sha256-l0KFg5HjrsfsO/JpG+r7fRrqm12kzFHyUHqHCVpMMbI=",
        "owner": "numtide",
        "repo": "flake-utils",
        "rev": "11707dc2f618dd54ca8739b309ec4fc024de578b",
        "type": "github"
      },
      "original": {
        "owner": "numtide",
        "repo": "flake-utils",
        "type": "github"
      }
    },
    "gen-luarc": {
      "inputs": {
        "flake-parts": "flake-parts_2",
        "git-hooks": "git-hooks",
        "luvit-meta": "luvit-meta",
        "nixpkgs": "nixpkgs_2"
      },
      "locked": {
        "lastModified": 1755304025,
        "narHash": "sha256-xVKfjFwc0zMbLMjLTiHz+0llggkjs93SmHkhaa9S3M4=",
        "owner": "mrcjkb",
        "repo": "nix-gen-luarc-json",
        "rev": "1865b0ebb753ae5324d7381b1fa8c98c04ec7509",
        "type": "github"
      },
      "original": {
        "owner": "mrcjkb",
        "repo": "nix-gen-luarc-json",
        "type": "github"
      }
    },
    "gentags-lua": {
      "flake": false,
      "locked": {
        "lastModified": 1757283576,
        "narHash": "sha256-M16zbv4mFcKeifx9BH/VLjg4kWq4Mx7l+CQgKRDZ2KE=",
        "owner": "JMarkin",
        "repo": "gentags.lua",
        "rev": "8f3570348a22bffa67168e0c760c0efa3e314689",
        "type": "github"
      },
      "original": {
        "owner": "JMarkin",
        "ref": "feat/neovim-0.10",
        "repo": "gentags.lua",
        "type": "github"
      }
    },
    "git-hooks": {
      "inputs": {
        "flake-compat": "flake-compat",
        "gitignore": "gitignore",
        "nixpkgs": [
          "gen-luarc",
          "nixpkgs"
        ],
        "nixpkgs-stable": "nixpkgs-stable"
      },
      "locked": {
        "lastModified": 1723803910,
        "narHash": "sha256-yezvUuFiEnCFbGuwj/bQcqg7RykIEqudOy/RBrId0pc=",
        "owner": "cachix",
        "repo": "git-hooks.nix",
        "rev": "bfef0ada09e2c8ac55bbcd0831bd0c9d42e651ba",
        "type": "github"
      },
      "original": {
        "owner": "cachix",
        "repo": "git-hooks.nix",
        "type": "github"
      }
    },
    "gitignore": {
      "inputs": {
        "nixpkgs": [
          "gen-luarc",
          "git-hooks",
          "nixpkgs"
        ]
      },
      "locked": {
        "lastModified": 1709087332,
        "narHash": "sha256-HG2cCnktfHsKV0s4XW83gU3F57gaTljL9KNSuG6bnQs=",
        "owner": "hercules-ci",
        "repo": "gitignore.nix",
        "rev": "637db329424fd7e46cf4185293b9cc8c88c95394",
        "type": "github"
      },
      "original": {
        "owner": "hercules-ci",
        "repo": "gitignore.nix",
        "type": "github"
      }
    },
    "hlargs-nvim": {
      "flake": false,
      "locked": {
        "lastModified": 1750096091,
        "narHash": "sha256-PEYo4tcawKgqATbKw46BIus+D0afP6Q0YSrlJ0WHAA4=",
        "owner": "m-demare",
        "repo": "hlargs.nvim",
        "rev": "ce8d705866dae44513ff48613d5e37e4da524d70",
        "type": "github"
      },
      "original": {
        "owner": "m-demare",
        "repo": "hlargs.nvim",
        "type": "github"
      }
    },
    "local-highlight-nvim": {
      "flake": false,
      "locked": {
        "lastModified": 1743315097,
        "narHash": "sha256-A92wZoI4J8vpSFUnYIPaTnLs60Ax57Mvegy+dmQhTck=",
        "owner": "tzachar",
        "repo": "local-highlight.nvim",
        "rev": "272f36f412c0a82c785c01256abf4eda4c1cb11d",
        "type": "github"
      },
      "original": {
        "owner": "tzachar",
        "repo": "local-highlight.nvim",
        "type": "github"
      }
    },
    "luvit-meta": {
      "flake": false,
      "locked": {
        "lastModified": 1705776742,
        "narHash": "sha256-zAAptV/oLuLAAsa2zSB/6fxlElk4+jNZd/cPr9oxFig=",
        "owner": "Bilal2453",
        "repo": "luvit-meta",
        "rev": "ce76f6f6cdc9201523a5875a4471dcfe0186eb60",
        "type": "github"
      },
      "original": {
        "owner": "Bilal2453",
        "repo": "luvit-meta",
        "type": "github"
      }
    },
    "namu-nvim": {
      "flake": false,
      "locked": {
        "lastModified": 1751647668,
        "narHash": "sha256-zMRjYesRVagguR521e6MgjYcEOPEVyb7UG8NzKOTSw0=",
        "owner": "bassamsdata",
        "repo": "namu.nvim",
        "rev": "6759df3cddb1d6d11442b953f8b63e64350229f3",
        "type": "github"
      },
      "original": {
        "owner": "bassamsdata",
        "repo": "namu.nvim",
        "type": "github"
      }
    },
    "nixpkgs": {
      "locked": {
        "lastModified": 1741865919,
        "narHash": "sha256-4thdbnP6dlbdq+qZWTsm4ffAwoS8Tiq1YResB+RP6WE=",
        "owner": "nixos",
        "repo": "nixpkgs",
        "rev": "573c650e8a14b2faa0041645ab18aed7e60f0c9a",
        "type": "github"
      },
      "original": {
        "owner": "nixos",
        "ref": "nixpkgs-unstable",
        "repo": "nixpkgs",
        "type": "github"
      }
    },
    "nixpkgs-lib": {
      "locked": {
        "lastModified": 1740877520,
        "narHash": "sha256-oiwv/ZK/2FhGxrCkQkB83i7GnWXPPLzoqFHpDD3uYpk=",
        "owner": "nix-community",
        "repo": "nixpkgs.lib",
        "rev": "147dee35aab2193b174e4c0868bd80ead5ce755c",
        "type": "github"
      },
      "original": {
        "owner": "nix-community",
        "repo": "nixpkgs.lib",
        "type": "github"
      }
    },
    "nixpkgs-lib_2": {
      "locked": {
        "lastModified": 1717284937,
        "narHash": "sha256-lIbdfCsf8LMFloheeE6N31+BMIeixqyQWbSr2vk79EQ=",
        "type": "tarball",
        "url": "https://github.com/NixOS/nixpkgs/archive/eb9ceca17df2ea50a250b6b27f7bf6ab0186f198.tar.gz"
      },
      "original": {
        "type": "tarball",
        "url": "https://github.com/NixOS/nixpkgs/archive/eb9ceca17df2ea50a250b6b27f7bf6ab0186f198.tar.gz"
      }
    },
    "nixpkgs-stable": {
      "locked": {
        "lastModified": 1720386169,
        "narHash": "sha256-NGKVY4PjzwAa4upkGtAMz1npHGoRzWotlSnVlqI40mo=",
        "owner": "NixOS",
        "repo": "nixpkgs",
        "rev": "194846768975b7ad2c4988bdb82572c00222c0d7",
        "type": "github"
      },
      "original": {
        "owner": "NixOS",
        "ref": "nixos-24.05",
        "repo": "nixpkgs",
        "type": "github"
      }
    },
    "nixpkgs_2": {
      "locked": {
        "lastModified": 1718714799,
        "narHash": "sha256-FUZpz9rg3gL8NVPKbqU8ei1VkPLsTIfAJ2fdAf5qjak=",
        "owner": "nixos",
        "repo": "nixpkgs",
        "rev": "c00d587b1a1afbf200b1d8f0b0e4ba9deb1c7f0e",
        "type": "github"
      },
      "original": {
        "owner": "nixos",
        "ref": "nixos-unstable",
        "repo": "nixpkgs",
        "type": "github"
      }
    },
    "nixpkgs_3": {
      "locked": {
        "lastModified": 1757487488,
        "narHash": "sha256-zwE/e7CuPJUWKdvvTCB7iunV4E/+G0lKfv4kk/5Izdg=",
        "owner": "NixOS",
        "repo": "nixpkgs",
        "rev": "ab0f3607a6c7486ea22229b92ed2d355f1482ee0",
        "type": "github"
      },
      "original": {
        "owner": "NixOS",
        "ref": "nixos-unstable",
        "repo": "nixpkgs",
        "type": "github"
      }
    },
    "nvim-yati": {
      "flake": false,
      "locked": {
        "lastModified": 1718009720,
        "narHash": "sha256-hsSGj/bKY0FxZi1BlJxa/U2zvJzOwrFSz1W/MUtPunU=",
        "owner": "yioneko",
        "repo": "nvim-yati",
        "rev": "df3dc06076c6fe20a1dcd8643e712af5c252d042",
        "type": "github"
      },
      "original": {
        "owner": "yioneko",
        "repo": "nvim-yati",
        "type": "github"
      }
    },
    "root": {
      "inputs": {
        "blink-pairs": "blink-pairs",
        "cmp-diag-codes": "cmp-diag-codes",
        "diaglist-nvim": "diaglist-nvim",
        "flake-utils": "flake-utils",
        "gen-luarc": "gen-luarc",
        "gentags-lua": "gentags-lua",
        "hlargs-nvim": "hlargs-nvim",
        "local-highlight-nvim": "local-highlight-nvim",
        "namu-nvim": "namu-nvim",
        "nixpkgs": "nixpkgs_3",
        "nvim-yati": "nvim-yati",
        "stay-in-place-nvim": "stay-in-place-nvim",
        "whatthejump-nvim": "whatthejump-nvim",
        "yaml-nvim": "yaml-nvim"
      }
    },
    "rust-analyzer-src": {
      "flake": false,
      "locked": {
        "lastModified": 1742296961,
        "narHash": "sha256-gCpvEQOrugHWLimD1wTFOJHagnSEP6VYBDspq96Idu0=",
        "owner": "rust-lang",
        "repo": "rust-analyzer",
        "rev": "15d87419f1a123d8f888d608129c3ce3ff8f13d4",
        "type": "github"
      },
      "original": {
        "owner": "rust-lang",
        "ref": "nightly",
        "repo": "rust-analyzer",
        "type": "github"
      }
    },
    "stay-in-place-nvim": {
      "flake": false,
      "locked": {
        "lastModified": 1674224618,
        "narHash": "sha256-Cq9/JQoxuUiAQPobiSizwmvdxJRjE7XjG47A38wdVwY=",
        "owner": "gbprod",
        "repo": "stay-in-place.nvim",
        "rev": "0628b6db8970fc731abf9608d6f80659b58932c9",
        "type": "github"
      },
      "original": {
        "owner": "gbprod",
        "repo": "stay-in-place.nvim",
        "type": "github"
      }
    },
    "systems": {
      "locked": {
        "lastModified": 1681028828,
        "narHash": "sha256-Vy1rq5AaRuLzOxct8nz4T6wlgyUR7zLU309k9mBC768=",
        "owner": "nix-systems",
        "repo": "default",
        "rev": "da67096a3b9bf56a91d16901293e51ba5b49a27e",
        "type": "github"
      },
      "original": {
        "owner": "nix-systems",
        "repo": "default",
        "type": "github"
      }
    },
    "whatthejump-nvim": {
      "flake": false,
      "locked": {
        "lastModified": 1754642285,
        "narHash": "sha256-ZIkm99cE7cxQYyR0E0oMwgPSgPgEOOLt7TkbCmxLaJY=",
        "owner": "lewis6991",
        "repo": "whatthejump.nvim",
        "rev": "a00d4db481fe5b14362c9a5688d5575fb7e48ee1",
        "type": "github"
      },
      "original": {
        "owner": "lewis6991",
        "repo": "whatthejump.nvim",
        "type": "github"
      }
    },
    "yaml-nvim": {
      "flake": false,
      "locked": {
        "lastModified": 1757087818,
        "narHash": "sha256-UaJmX1gZ7ull6uu6OGJfiCFI5BV37FvoXPrSkxqSJ04=",
        "owner": "cuducos",
        "repo": "yaml.nvim",
        "rev": "c6c7bac834c3f48e1afdb78a7a1d23996a2f89d9",
        "type": "github"
      },
      "original": {
        "owner": "cuducos",
        "repo": "yaml.nvim",
        "type": "github"
      }
    }
  },
  "root": "root",
  "version": 7
}
